{
  "name": "chrome-extension",
  "lockfileVersion": 3,
  "requires": true,
  "packages": {
    "": {
      "dependencies": {
        "chrome-types": "^0.1.272"
      }
    },
    "node_modules/chrome-types": {
      "version": "0.1.272",
      "resolved": "https://registry.npmjs.org/chrome-types/-/chrome-types-0.1.272.tgz",
      "integrity": "sha512-eOPk/6vSpUvEopuQ/tg0woB3hOSFIKkFd15kV3knqFXBmi2zqMxqEKKoudjUiW6fvBvOPmkKio9d6KrB26Fylw=="
    }
  }
}
